
Microsoft Visual Studio Solution File, Format Version 12.00
# Visual Studio Version 16
VisualStudioVersion = 16.0.29709.97
MinimumVisualStudioVersion = 10.0.40219.1
Project("{9A19103F-16F7-4668-BE54-9A1E7A4F7556}") = "ChatWebApi", "chat-web-api\ChatWebApi.csproj", "{35ADB287-59A3-426E-80BD-E575B6A83DD4}"
EndProject
Global
	GlobalSection(SolutionConfigurationPlatforms) = preSolution
		Debug|Any CPU = Debug|Any CPU
		Release|Any CPU = Release|Any CPU
	EndGlobalSection
	GlobalSection(ProjectConfigurationPlatforms) = postSolution
		{35ADB287-59A3-426E-80BD-E575B6A83DD4}.Debug|Any CPU.ActiveCfg = Debug|Any CPU
		{35ADB287-59A3-426E-80BD-E575B6A83DD4}.Debug|Any CPU.Build.0 = Debug|Any CPU
		{35ADB287-59A3-426E-80BD-E575B6A83DD4}.Release|Any CPU.ActiveCfg = Release|Any CPU
		{35ADB287-59A3-426E-80BD-E575B6A83DD4}.Release|Any CPU.Build.0 = Release|Any CPU
	EndGlobalSection
	GlobalSection(SolutionProperties) = preSolution
		HideSolutionNode = FALSE
	EndGlobalSection
	GlobalSection(ExtensibilityGlobals) = postSolution
		SolutionGuid = {AD5EE1A0-DE22-486A-B1A8-CB9820DB1714}
	EndGlobalSection
EndGlobal
